
Microsoft Visual Studio Solution File, Format Version 12.00
# Visual Studio Version 16
VisualStudioVersion = 16.0.28803.352
MinimumVisualStudioVersion = 10.0.40219.1
Project("{9A19103F-16F7-4668-BE54-9A1E7A4F7556}") = "ConsoleUI", "ConsoleUI\ConsoleUI.csproj", "{EC51F937-D820-422D-B8AE-C8D6C2649C88}"
EndProject
Project("{FAE04EC0-301F-11D3-BF4B-00C04F79EFBC}") = "ContactManagerLibrary", "ContactManagerLibrary\ContactManagerLibrary.csproj", "{EDC8B2A4-FE3C-4BA0-B865-68C8F1AA381F}"
EndProject
Global
	GlobalSection(SolutionConfigurationPlatforms) = preSolution
		Debug|Any CPU = Debug|Any CPU
		Release|Any CPU = Release|Any CPU
	EndGlobalSection
	GlobalSection(ProjectConfigurationPlatforms) = postSolution
		{EC51F937-D820-422D-B8AE-C8D6C2649C88}.Debug|Any CPU.ActiveCfg = Debug|Any CPU
		{EC51F937-D820-422D-B8AE-C8D6C2649C88}.Debug|Any CPU.Build.0 = Debug|Any CPU
		{EC51F937-D820-422D-B8AE-C8D6C2649C88}.Release|Any CPU.ActiveCfg = Release|Any CPU
		{EC51F937-D820-422D-B8AE-C8D6C2649C88}.Release|Any CPU.Build.0 = Release|Any CPU
		{EDC8B2A4-FE3C-4BA0-B865-68C8F1AA381F}.Debug|Any CPU.ActiveCfg = Debug|Any CPU
		{EDC8B2A4-FE3C-4BA0-B865-68C8F1AA381F}.Debug|Any CPU.Build.0 = Debug|Any CPU
		{EDC8B2A4-FE3C-4BA0-B865-68C8F1AA381F}.Release|Any CPU.ActiveCfg = Release|Any CPU
		{EDC8B2A4-FE3C-4BA0-B865-68C8F1AA381F}.Release|Any CPU.Build.0 = Release|Any CPU
	EndGlobalSection
	GlobalSection(SolutionProperties) = preSolution
		HideSolutionNode = FALSE
	EndGlobalSection
	GlobalSection(ExtensibilityGlobals) = postSolution
		SolutionGuid = {51B85116-99AA-448A-A385-54E5FCE4C7A8}
	EndGlobalSection
EndGlobal
